
Microsoft Visual Studio Solution File, Format Version 12.00
# Visual Studio Version 17
VisualStudioVersion = 17.1.32421.90
MinimumVisualStudioVersion = 10.0.40219.1
Project("{FAE04EC0-301F-11D3-BF4B-00C04F79EFBC}") = "SpaceNavigator", "SpaceNavigator\SpaceNavigator.csproj", "{422ECC6C-F9ED-4AEF-B9F4-8340911552B1}"
EndProject
Global
	GlobalSection(SolutionConfigurationPlatforms) = preSolution
		Debug|Any CPU = Debug|Any CPU
		Release|Any CPU = Release|Any CPU
	EndGlobalSection
	GlobalSection(ProjectConfigurationPlatforms) = postSolution
		{422ECC6C-F9ED-4AEF-B9F4-8340911552B1}.Debug|Any CPU.ActiveCfg = Debug|Any CPU
		{422ECC6C-F9ED-4AEF-B9F4-8340911552B1}.Debug|Any CPU.Build.0 = Debug|Any CPU
		{422ECC6C-F9ED-4AEF-B9F4-8340911552B1}.Release|Any CPU.ActiveCfg = Release|Any CPU
		{422ECC6C-F9ED-4AEF-B9F4-8340911552B1}.Release|Any CPU.Build.0 = Release|Any CPU
	EndGlobalSection
	GlobalSection(SolutionProperties) = preSolution
		HideSolutionNode = FALSE
	EndGlobalSection
	GlobalSection(ExtensibilityGlobals) = postSolution
		SolutionGuid = {9C3ACE78-6426-42CB-968A-D2FA4B168FD2}
	EndGlobalSection
EndGlobal
